
Microsoft Visual Studio Solution File, Format Version 12.00
# Visual Studio Version 17
VisualStudioVersion = 17.2.32616.157
MinimumVisualStudioVersion = 10.0.40219.1
Project("{FAE04EC0-301F-11D3-BF4B-00C04F79EFBC}") = "Fast Food Restaurant", "Fast Food Restaurant\Fast Food Restaurant.csproj", "{6A2B042C-421A-47B5-917B-E9B223A98F03}"
EndProject
Global
	GlobalSection(SolutionConfigurationPlatforms) = preSolution
		Debug|Any CPU = Debug|Any CPU
		Release|Any CPU = Release|Any CPU
	EndGlobalSection
	GlobalSection(ProjectConfigurationPlatforms) = postSolution
		{6A2B042C-421A-47B5-917B-E9B223A98F03}.Debug|Any CPU.ActiveCfg = Debug|Any CPU
		{6A2B042C-421A-47B5-917B-E9B223A98F03}.Debug|Any CPU.Build.0 = Debug|Any CPU
		{6A2B042C-421A-47B5-917B-E9B223A98F03}.Release|Any CPU.ActiveCfg = Release|Any CPU
		{6A2B042C-421A-47B5-917B-E9B223A98F03}.Release|Any CPU.Build.0 = Release|Any CPU
	EndGlobalSection
	GlobalSection(SolutionProperties) = preSolution
		HideSolutionNode = FALSE
	EndGlobalSection
	GlobalSection(ExtensibilityGlobals) = postSolution
		SolutionGuid = {0EE39D7F-1418-4775-8CB6-CE5FC3D8ACFC}
	EndGlobalSection
EndGlobal
