
Microsoft Visual Studio Solution File, Format Version 12.00
# Visual Studio Version 17
VisualStudioVersion = 17.2.32616.157
MinimumVisualStudioVersion = 10.0.40219.1
Project("{8BC9CEB8-8B4A-11D0-8D11-00A0C91BC942}") = "Project1", "Project1.vcxproj", "{BC052B71-FB9C-44B7-8359-9EEFC5C192DE}"
EndProject
Global
	GlobalSection(SolutionConfigurationPlatforms) = preSolution
		Debug|x64 = Debug|x64
		Debug|x86 = Debug|x86
		Release|x64 = Release|x64
		Release|x86 = Release|x86
	EndGlobalSection
	GlobalSection(ProjectConfigurationPlatforms) = postSolution
		{BC052B71-FB9C-44B7-8359-9EEFC5C192DE}.Debug|x64.ActiveCfg = Debug|x64
		{BC052B71-FB9C-44B7-8359-9EEFC5C192DE}.Debug|x64.Build.0 = Debug|x64
		{BC052B71-FB9C-44B7-8359-9EEFC5C192DE}.Debug|x86.ActiveCfg = Debug|Win32
		{BC052B71-FB9C-44B7-8359-9EEFC5C192DE}.Debug|x86.Build.0 = Debug|Win32
		{BC052B71-FB9C-44B7-8359-9EEFC5C192DE}.Release|x64.ActiveCfg = Release|x64
		{BC052B71-FB9C-44B7-8359-9EEFC5C192DE}.Release|x64.Build.0 = Release|x64
		{BC052B71-FB9C-44B7-8359-9EEFC5C192DE}.Release|x86.ActiveCfg = Release|Win32
		{BC052B71-FB9C-44B7-8359-9EEFC5C192DE}.Release|x86.Build.0 = Release|Win32
	EndGlobalSection
	GlobalSection(SolutionProperties) = preSolution
		HideSolutionNode = FALSE
	EndGlobalSection
	GlobalSection(ExtensibilityGlobals) = postSolution
		SolutionGuid = {5BA7284A-18C3-4DB8-9E46-9254112FCDC9}
	EndGlobalSection
EndGlobal
