
Microsoft Visual Studio Solution File, Format Version 12.00
# Visual Studio Version 17
VisualStudioVersion = 17.2.32616.157
MinimumVisualStudioVersion = 10.0.40219.1
Project("{FAE04EC0-301F-11D3-BF4B-00C04F79EFBC}") = "Flat_Login", "Flat_Login\Flat_Login.csproj", "{D576A179-19AF-463A-996D-350EACD9D240}"
EndProject
Global
	GlobalSection(SolutionConfigurationPlatforms) = preSolution
		Debug|Any CPU = Debug|Any CPU
		Release|Any CPU = Release|Any CPU
	EndGlobalSection
	GlobalSection(ProjectConfigurationPlatforms) = postSolution
		{D576A179-19AF-463A-996D-350EACD9D240}.Debug|Any CPU.ActiveCfg = Debug|Any CPU
		{D576A179-19AF-463A-996D-350EACD9D240}.Debug|Any CPU.Build.0 = Debug|Any CPU
		{D576A179-19AF-463A-996D-350EACD9D240}.Release|Any CPU.ActiveCfg = Release|Any CPU
		{D576A179-19AF-463A-996D-350EACD9D240}.Release|Any CPU.Build.0 = Release|Any CPU
	EndGlobalSection
	GlobalSection(SolutionProperties) = preSolution
		HideSolutionNode = FALSE
	EndGlobalSection
	GlobalSection(ExtensibilityGlobals) = postSolution
		SolutionGuid = {C99661CE-C211-4683-AEEC-3638BDBA1A6A}
	EndGlobalSection
EndGlobal
